
Microsoft Visual Studio Solution File, Format Version 12.00
# Visual Studio Version 17
VisualStudioVersion = 17.10.35013.160
MinimumVisualStudioVersion = 10.0.40219.1
Project("{FAE04EC0-301F-11D3-BF4B-00C04F79EFBC}") = "HW_10_1", "HW_10_1\HW_10_1.csproj", "{74F1C922-1B85-48B2-9797-FFDBCF1BAC39}"
EndProject
Global
	GlobalSection(SolutionConfigurationPlatforms) = preSolution
		Debug|Any CPU = Debug|Any CPU
		Release|Any CPU = Release|Any CPU
	EndGlobalSection
	GlobalSection(ProjectConfigurationPlatforms) = postSolution
		{74F1C922-1B85-48B2-9797-FFDBCF1BAC39}.Debug|Any CPU.ActiveCfg = Debug|Any CPU
		{74F1C922-1B85-48B2-9797-FFDBCF1BAC39}.Debug|Any CPU.Build.0 = Debug|Any CPU
		{74F1C922-1B85-48B2-9797-FFDBCF1BAC39}.Release|Any CPU.ActiveCfg = Release|Any CPU
		{74F1C922-1B85-48B2-9797-FFDBCF1BAC39}.Release|Any CPU.Build.0 = Release|Any CPU
	EndGlobalSection
	GlobalSection(SolutionProperties) = preSolution
		HideSolutionNode = FALSE
	EndGlobalSection
	GlobalSection(ExtensibilityGlobals) = postSolution
		SolutionGuid = {55DD5FD1-0C8B-4375-8494-5A53B350E629}
	EndGlobalSection
EndGlobal
